
Microsoft Visual Studio Solution File, Format Version 12.00
# Visual Studio 14
VisualStudioVersion = 14.0.23107.0
MinimumVisualStudioVersion = 10.0.40219.1
Project("{FAE04EC0-301F-11D3-BF4B-00C04F79EFBC}") = "TriDi", "TriDi\TriDi.csproj", "{85DAC47E-780E-4474-B7BE-79C042E17365}"
EndProject
Project("{FAE04EC0-301F-11D3-BF4B-00C04F79EFBC}") = "TriDi_netMF", "TriDi_netMF\TriDi_netMF.csproj", "{C32EE3A2-CA2F-4884-81C9-43DF703F3C49}"
EndProject
Project("{FAE04EC0-301F-11D3-BF4B-00C04F79EFBC}") = "TriDi_netMF_demo_CLI", "TriDi_netMF_demo_CLI\TriDi_netMF_demo_CLI.csproj", "{C59AD0E6-3A73-407E-932D-CA6BE5AE71E9}"
EndProject
Global
	GlobalSection(SolutionConfigurationPlatforms) = preSolution
		Debug|Any CPU = Debug|Any CPU
		Release|Any CPU = Release|Any CPU
	EndGlobalSection
	GlobalSection(ProjectConfigurationPlatforms) = postSolution
		{85DAC47E-780E-4474-B7BE-79C042E17365}.Debug|Any CPU.ActiveCfg = Debug|Any CPU
		{85DAC47E-780E-4474-B7BE-79C042E17365}.Debug|Any CPU.Build.0 = Debug|Any CPU
		{85DAC47E-780E-4474-B7BE-79C042E17365}.Release|Any CPU.ActiveCfg = Release|Any CPU
		{85DAC47E-780E-4474-B7BE-79C042E17365}.Release|Any CPU.Build.0 = Release|Any CPU
		{C32EE3A2-CA2F-4884-81C9-43DF703F3C49}.Debug|Any CPU.ActiveCfg = Debug|Any CPU
		{C32EE3A2-CA2F-4884-81C9-43DF703F3C49}.Debug|Any CPU.Build.0 = Debug|Any CPU
		{C32EE3A2-CA2F-4884-81C9-43DF703F3C49}.Release|Any CPU.ActiveCfg = Release|Any CPU
		{C32EE3A2-CA2F-4884-81C9-43DF703F3C49}.Release|Any CPU.Build.0 = Release|Any CPU
		{C59AD0E6-3A73-407E-932D-CA6BE5AE71E9}.Debug|Any CPU.ActiveCfg = Debug|Any CPU
		{C59AD0E6-3A73-407E-932D-CA6BE5AE71E9}.Debug|Any CPU.Build.0 = Debug|Any CPU
		{C59AD0E6-3A73-407E-932D-CA6BE5AE71E9}.Debug|Any CPU.Deploy.0 = Debug|Any CPU
		{C59AD0E6-3A73-407E-932D-CA6BE5AE71E9}.Release|Any CPU.ActiveCfg = Release|Any CPU
		{C59AD0E6-3A73-407E-932D-CA6BE5AE71E9}.Release|Any CPU.Build.0 = Release|Any CPU
		{C59AD0E6-3A73-407E-932D-CA6BE5AE71E9}.Release|Any CPU.Deploy.0 = Release|Any CPU
	EndGlobalSection
	GlobalSection(SolutionProperties) = preSolution
		HideSolutionNode = FALSE
	EndGlobalSection
EndGlobal
